
Microsoft Visual Studio Solution File, Format Version 12.00
# Visual Studio 15
VisualStudioVersion = 15.0.28307.1259
MinimumVisualStudioVersion = 10.0.40219.1
Project("{FAE04EC0-301F-11D3-BF4B-00C04F79EFBC}") = "NeosXS", "NeosXS\NeosXS.csproj", "{95657928-2F74-4F96-9D35-6737CD60C0C8}"
EndProject
Project("{FAE04EC0-301F-11D3-BF4B-00C04F79EFBC}") = "NeosXS_Headless", "NeosXS_Headless\NeosXS_Headless.csproj", "{397864B3-3AF0-4C9A-8B2C-1724FC144BC7}"
EndProject
Global
	GlobalSection(SolutionConfigurationPlatforms) = preSolution
		Debug|Any CPU = Debug|Any CPU
		Release|Any CPU = Release|Any CPU
	EndGlobalSection
	GlobalSection(ProjectConfigurationPlatforms) = postSolution
		{95657928-2F74-4F96-9D35-6737CD60C0C8}.Debug|Any CPU.ActiveCfg = Debug|Any CPU
		{95657928-2F74-4F96-9D35-6737CD60C0C8}.Debug|Any CPU.Build.0 = Debug|Any CPU
		{95657928-2F74-4F96-9D35-6737CD60C0C8}.Release|Any CPU.ActiveCfg = Release|Any CPU
		{95657928-2F74-4F96-9D35-6737CD60C0C8}.Release|Any CPU.Build.0 = Release|Any CPU
		{397864B3-3AF0-4C9A-8B2C-1724FC144BC7}.Debug|Any CPU.ActiveCfg = Debug|Any CPU
		{397864B3-3AF0-4C9A-8B2C-1724FC144BC7}.Debug|Any CPU.Build.0 = Debug|Any CPU
		{397864B3-3AF0-4C9A-8B2C-1724FC144BC7}.Release|Any CPU.ActiveCfg = Release|Any CPU
		{397864B3-3AF0-4C9A-8B2C-1724FC144BC7}.Release|Any CPU.Build.0 = Release|Any CPU
	EndGlobalSection
	GlobalSection(SolutionProperties) = preSolution
		HideSolutionNode = FALSE
	EndGlobalSection
	GlobalSection(ExtensibilityGlobals) = postSolution
		SolutionGuid = {A8A4AD4E-356F-4756-8C29-072059495CB1}
	EndGlobalSection
EndGlobal
